
Microsoft Visual Studio Solution File, Format Version 12.00
# Visual Studio Version 16
VisualStudioVersion = 16.0.31424.327
MinimumVisualStudioVersion = 10.0.40219.1
Project("{FAE04EC0-301F-11D3-BF4B-00C04F79EFBC}") = "VegetablesAndFruits", "VegetablesAndFruits\VegetablesAndFruits.csproj", "{863FC365-EAFB-48D5-A0C0-981B5669F860}"
EndProject
Project("{FAE04EC0-301F-11D3-BF4B-00C04F79EFBC}") = "DZ_Lib", "DZ_Lib\DZ_Lib.csproj", "{F353E27B-31E5-4B47-8909-D39705367EE3}"
EndProject
Global
	GlobalSection(SolutionConfigurationPlatforms) = preSolution
		Debug|Any CPU = Debug|Any CPU
		Release|Any CPU = Release|Any CPU
	EndGlobalSection
	GlobalSection(ProjectConfigurationPlatforms) = postSolution
		{863FC365-EAFB-48D5-A0C0-981B5669F860}.Debug|Any CPU.ActiveCfg = Debug|Any CPU
		{863FC365-EAFB-48D5-A0C0-981B5669F860}.Debug|Any CPU.Build.0 = Debug|Any CPU
		{863FC365-EAFB-48D5-A0C0-981B5669F860}.Release|Any CPU.ActiveCfg = Release|Any CPU
		{863FC365-EAFB-48D5-A0C0-981B5669F860}.Release|Any CPU.Build.0 = Release|Any CPU
		{F353E27B-31E5-4B47-8909-D39705367EE3}.Debug|Any CPU.ActiveCfg = Debug|Any CPU
		{F353E27B-31E5-4B47-8909-D39705367EE3}.Debug|Any CPU.Build.0 = Debug|Any CPU
		{F353E27B-31E5-4B47-8909-D39705367EE3}.Release|Any CPU.ActiveCfg = Release|Any CPU
		{F353E27B-31E5-4B47-8909-D39705367EE3}.Release|Any CPU.Build.0 = Release|Any CPU
	EndGlobalSection
	GlobalSection(SolutionProperties) = preSolution
		HideSolutionNode = FALSE
	EndGlobalSection
	GlobalSection(ExtensibilityGlobals) = postSolution
		SolutionGuid = {C0A66858-B902-4F0F-B144-6BCD345CE6C0}
	EndGlobalSection
EndGlobal
